
Microsoft Visual Studio Solution File, Format Version 12.00
# Visual Studio 15
VisualStudioVersion = 15.0.28307.1000
MinimumVisualStudioVersion = 10.0.40219.1
Project("{FAE04EC0-301F-11D3-BF4B-00C04F79EFBC}") = "CustomerWidgetMVC", "CustomerWidgetMVC\CustomerWidgetMVC.csproj", "{C5D31B80-CBC3-45F0-B53A-5EE3FBE134E6}"
EndProject
Project("{FAE04EC0-301F-11D3-BF4B-00C04F79EFBC}") = "SimpleController", "SimpleController\SimpleController.csproj", "{5CB690EE-B43E-4FCF-9B80-113FAEC3A311}"
EndProject
Global
	GlobalSection(SolutionConfigurationPlatforms) = preSolution
		Debug|Any CPU = Debug|Any CPU
		Release|Any CPU = Release|Any CPU
	EndGlobalSection
	GlobalSection(ProjectConfigurationPlatforms) = postSolution
		{C5D31B80-CBC3-45F0-B53A-5EE3FBE134E6}.Debug|Any CPU.ActiveCfg = Debug|Any CPU
		{C5D31B80-CBC3-45F0-B53A-5EE3FBE134E6}.Debug|Any CPU.Build.0 = Debug|Any CPU
		{C5D31B80-CBC3-45F0-B53A-5EE3FBE134E6}.Release|Any CPU.ActiveCfg = Release|Any CPU
		{C5D31B80-CBC3-45F0-B53A-5EE3FBE134E6}.Release|Any CPU.Build.0 = Release|Any CPU
		{5CB690EE-B43E-4FCF-9B80-113FAEC3A311}.Debug|Any CPU.ActiveCfg = Debug|Any CPU
		{5CB690EE-B43E-4FCF-9B80-113FAEC3A311}.Debug|Any CPU.Build.0 = Debug|Any CPU
		{5CB690EE-B43E-4FCF-9B80-113FAEC3A311}.Release|Any CPU.ActiveCfg = Release|Any CPU
		{5CB690EE-B43E-4FCF-9B80-113FAEC3A311}.Release|Any CPU.Build.0 = Release|Any CPU
	EndGlobalSection
	GlobalSection(SolutionProperties) = preSolution
		HideSolutionNode = FALSE
	EndGlobalSection
	GlobalSection(ExtensibilityGlobals) = postSolution
		SolutionGuid = {33DC72E0-D6EB-42D0-B1E4-F93F002151AE}
	EndGlobalSection
	GlobalSection(TeamFoundationVersionControl) = preSolution
		SccNumberOfProjects = 3
		SccEnterpriseProvider = {4CA58AB2-18FA-4F8D-95D4-32DDF27D184C}
		SccTeamFoundationServer = http://tfs2017:8080/tfs/training
		SccLocalPath0 = .
		SccProjectUniqueName1 = CustomerWidgetMVC\\CustomerWidgetMVC.csproj
		SccProjectName1 = CustomerWidgetMVC
		SccLocalPath1 = CustomerWidgetMVC
		SccProjectUniqueName2 = SimpleController\\SimpleController.csproj
		SccProjectName2 = SimpleController
		SccLocalPath2 = SimpleController
	EndGlobalSection
EndGlobal
